
Microsoft Visual Studio Solution File, Format Version 12.00
# Visual Studio Version 17
VisualStudioVersion = 17.0.31919.166
MinimumVisualStudioVersion = 10.0.40219.1
Project("{FAE04EC0-301F-11D3-BF4B-00C04F79EFBC}") = "TeklaConsole", "TeklaConsole\TeklaConsole.csproj", "{ED6730AC-3AD2-4DE4-892D-DD2C3D86B61D}"
EndProject
Project("{FAE04EC0-301F-11D3-BF4B-00C04F79EFBC}") = "Specifikacijas", "Specifikacijas\Specifikacijas.csproj", "{75A3C1B7-C3DD-49CE-A139-6AA57D6010C0}"
EndProject
Project("{FAE04EC0-301F-11D3-BF4B-00C04F79EFBC}") = "ExtensionMethods", "ExtensionMethods\ExtensionMethods.csproj", "{B94799FC-FF52-4B67-9826-37B82CDADD16}"
EndProject
Project("{FAE04EC0-301F-11D3-BF4B-00C04F79EFBC}") = "TestingConsole", "TestingConsole\TestingConsole.csproj", "{D12D0A15-3553-422E-AE69-CD62F2B2374B}"
EndProject
Project("{FAE04EC0-301F-11D3-BF4B-00C04F79EFBC}") = "Rezgogi", "Rezgogi\Rezgogi.csproj", "{F99F05EA-569D-4181-8029-D02DAF5291C6}"
EndProject
Project("{FAE04EC0-301F-11D3-BF4B-00C04F79EFBC}") = "DimmentionMaker", "DimmentionMaker\DimmentionMaker.csproj", "{1B48C65C-8A7A-419C-AD11-893324FFA5E8}"
EndProject
Global
	GlobalSection(SolutionConfigurationPlatforms) = preSolution
		Debug|Any CPU = Debug|Any CPU
		Release|Any CPU = Release|Any CPU
	EndGlobalSection
	GlobalSection(ProjectConfigurationPlatforms) = postSolution
		{ED6730AC-3AD2-4DE4-892D-DD2C3D86B61D}.Debug|Any CPU.ActiveCfg = Debug|Any CPU
		{ED6730AC-3AD2-4DE4-892D-DD2C3D86B61D}.Debug|Any CPU.Build.0 = Debug|Any CPU
		{ED6730AC-3AD2-4DE4-892D-DD2C3D86B61D}.Release|Any CPU.ActiveCfg = Release|Any CPU
		{ED6730AC-3AD2-4DE4-892D-DD2C3D86B61D}.Release|Any CPU.Build.0 = Release|Any CPU
		{75A3C1B7-C3DD-49CE-A139-6AA57D6010C0}.Debug|Any CPU.ActiveCfg = Debug|Any CPU
		{75A3C1B7-C3DD-49CE-A139-6AA57D6010C0}.Debug|Any CPU.Build.0 = Debug|Any CPU
		{75A3C1B7-C3DD-49CE-A139-6AA57D6010C0}.Release|Any CPU.ActiveCfg = Release|Any CPU
		{75A3C1B7-C3DD-49CE-A139-6AA57D6010C0}.Release|Any CPU.Build.0 = Release|Any CPU
		{B94799FC-FF52-4B67-9826-37B82CDADD16}.Debug|Any CPU.ActiveCfg = Debug|Any CPU
		{B94799FC-FF52-4B67-9826-37B82CDADD16}.Debug|Any CPU.Build.0 = Debug|Any CPU
		{B94799FC-FF52-4B67-9826-37B82CDADD16}.Release|Any CPU.ActiveCfg = Release|Any CPU
		{B94799FC-FF52-4B67-9826-37B82CDADD16}.Release|Any CPU.Build.0 = Release|Any CPU
		{D12D0A15-3553-422E-AE69-CD62F2B2374B}.Debug|Any CPU.ActiveCfg = Debug|Any CPU
		{D12D0A15-3553-422E-AE69-CD62F2B2374B}.Debug|Any CPU.Build.0 = Debug|Any CPU
		{D12D0A15-3553-422E-AE69-CD62F2B2374B}.Release|Any CPU.ActiveCfg = Release|Any CPU
		{D12D0A15-3553-422E-AE69-CD62F2B2374B}.Release|Any CPU.Build.0 = Release|Any CPU
		{F99F05EA-569D-4181-8029-D02DAF5291C6}.Debug|Any CPU.ActiveCfg = Debug|Any CPU
		{F99F05EA-569D-4181-8029-D02DAF5291C6}.Debug|Any CPU.Build.0 = Debug|Any CPU
		{F99F05EA-569D-4181-8029-D02DAF5291C6}.Release|Any CPU.ActiveCfg = Release|Any CPU
		{F99F05EA-569D-4181-8029-D02DAF5291C6}.Release|Any CPU.Build.0 = Release|Any CPU
		{1B48C65C-8A7A-419C-AD11-893324FFA5E8}.Debug|Any CPU.ActiveCfg = Debug|Any CPU
		{1B48C65C-8A7A-419C-AD11-893324FFA5E8}.Debug|Any CPU.Build.0 = Debug|Any CPU
		{1B48C65C-8A7A-419C-AD11-893324FFA5E8}.Release|Any CPU.ActiveCfg = Release|Any CPU
		{1B48C65C-8A7A-419C-AD11-893324FFA5E8}.Release|Any CPU.Build.0 = Release|Any CPU
	EndGlobalSection
	GlobalSection(SolutionProperties) = preSolution
		HideSolutionNode = FALSE
	EndGlobalSection
	GlobalSection(ExtensibilityGlobals) = postSolution
		SolutionGuid = {E30C4527-9DF0-4998-8093-4810B689445E}
	EndGlobalSection
EndGlobal
